
Microsoft Visual Studio Solution File, Format Version 12.00
# Visual Studio Version 16
VisualStudioVersion = 16.0.29806.167
MinimumVisualStudioVersion = 10.0.40219.1
Project("{FAE04EC0-301F-11D3-BF4B-00C04F79EFBC}") = "firstGame", "firstGame\firstGame.csproj", "{42161C89-A8FD-4412-8553-7F66B59C27A3}"
EndProject
Project("{FAE04EC0-301F-11D3-BF4B-00C04F79EFBC}") = "ConsoleCore", "ConsoleCore\ConsoleCore.csproj", "{53F56E29-7EF5-411F-9C88-688D450604C4}"
EndProject
Project("{FAE04EC0-301F-11D3-BF4B-00C04F79EFBC}") = "PasOPFirstGame", "PasOPFirstGame\PasOPFirstGame.csproj", "{2ABBBEBA-1507-42D7-9589-4289A98DABC9}"
EndProject
Global
	GlobalSection(SolutionConfigurationPlatforms) = preSolution
		Debug|Any CPU = Debug|Any CPU
		Release|Any CPU = Release|Any CPU
	EndGlobalSection
	GlobalSection(ProjectConfigurationPlatforms) = postSolution
		{42161C89-A8FD-4412-8553-7F66B59C27A3}.Debug|Any CPU.ActiveCfg = Debug|Any CPU
		{42161C89-A8FD-4412-8553-7F66B59C27A3}.Debug|Any CPU.Build.0 = Debug|Any CPU
		{42161C89-A8FD-4412-8553-7F66B59C27A3}.Release|Any CPU.ActiveCfg = Release|Any CPU
		{42161C89-A8FD-4412-8553-7F66B59C27A3}.Release|Any CPU.Build.0 = Release|Any CPU
		{53F56E29-7EF5-411F-9C88-688D450604C4}.Debug|Any CPU.ActiveCfg = Debug|Any CPU
		{53F56E29-7EF5-411F-9C88-688D450604C4}.Debug|Any CPU.Build.0 = Debug|Any CPU
		{53F56E29-7EF5-411F-9C88-688D450604C4}.Release|Any CPU.ActiveCfg = Release|Any CPU
		{53F56E29-7EF5-411F-9C88-688D450604C4}.Release|Any CPU.Build.0 = Release|Any CPU
		{2ABBBEBA-1507-42D7-9589-4289A98DABC9}.Debug|Any CPU.ActiveCfg = Debug|Any CPU
		{2ABBBEBA-1507-42D7-9589-4289A98DABC9}.Debug|Any CPU.Build.0 = Debug|Any CPU
		{2ABBBEBA-1507-42D7-9589-4289A98DABC9}.Release|Any CPU.ActiveCfg = Release|Any CPU
		{2ABBBEBA-1507-42D7-9589-4289A98DABC9}.Release|Any CPU.Build.0 = Release|Any CPU
	EndGlobalSection
	GlobalSection(SolutionProperties) = preSolution
		HideSolutionNode = FALSE
	EndGlobalSection
	GlobalSection(ExtensibilityGlobals) = postSolution
		SolutionGuid = {4D780D4A-9C73-4FA0-8127-924C7345B1E3}
	EndGlobalSection
EndGlobal
